{
  "name": "ws-browserify-fs",
  "version": "3.0.2",
  "lockfileVersion": 1,
  "requires": true,
  "dependencies": {
    "abstract-leveldown": {
      "version": "6.0.1",
      "resolved": "https://registry.npmjs.org/abstract-leveldown/-/abstract-leveldown-6.0.1.tgz",
      "integrity": "sha512-8ccQIKHwmh7rIRWvKGgSTM2LByLWpLZgAYRjDNOh1ZTXvlR0gtm2Ir7aD8rEUre8DMllchJJTAZhhN5aUBN7XA==",
      "requires": {
        "level-concat-iterator": "~2.0.0",
        "xtend": "~4.0.0"
      }
    },
    "bl": {
      "version": "0.8.2",
      "resolved": "https://registry.npmjs.org/bl/-/bl-0.8.2.tgz",
      "integrity": "sha1-yba8oI0bwuoA/Ir7Txpf0eHGbk4=",
      "requires": {
        "readable-stream": "~1.0.26"
      },
      "dependencies": {
        "readable-stream": {
          "version": "1.0.34",
          "resolved": "https://registry.npmjs.org/readable-stream/-/readable-stream-1.0.34.tgz",
          "integrity": "sha1-Elgg40vIQtLyqq+v5MKRbuMsFXw=",
          "requires": {
            "core-util-is": "~1.0.0",
            "inherits": "~2.0.1",
            "isarray": "0.0.1",
            "string_decoder": "~0.10.x"
          }
        },
        "string_decoder": {
          "version": "0.10.31",
          "resolved": "https://registry.npmjs.org/string_decoder/-/string_decoder-0.10.31.tgz",
          "integrity": "sha1-YuIDvEF2bGwoyfyEMB2rHFMQ+pQ="
        }
      }
    },
    "buffer-from": {
      "version": "1.1.1",
      "resolved": "https://registry.npmjs.org/buffer-from/-/buffer-from-1.1.1.tgz",
      "integrity": "sha512-MQcXEUbCKtEo7bhqEs6560Hyd4XaovZlO/k9V3hjVUF/zwW7KBVdSK4gIt/bzwS9MbR5qob+F5jusZsb0YQK2A=="
    },
    "bytewise": {
      "version": "1.1.0",
      "resolved": "https://registry.npmjs.org/bytewise/-/bytewise-1.1.0.tgz",
      "integrity": "sha1-HRPL/3F65xWAlKqIGzXQgbOHJT4=",
      "requires": {
        "bytewise-core": "^1.2.2",
        "typewise": "^1.0.3"
      }
    },
    "bytewise-core": {
      "version": "1.2.3",
      "resolved": "https://registry.npmjs.org/bytewise-core/-/bytewise-core-1.2.3.tgz",
      "integrity": "sha1-P7QQx+kVWOsasiqCg0V3qmvWHUI=",
      "requires": {
        "typewise-core": "^1.2"
      }
    },
    "concat-stream": {
      "version": "2.0.0",
      "resolved": "https://registry.npmjs.org/concat-stream/-/concat-stream-2.0.0.tgz",
      "integrity": "sha512-MWufYdFw53ccGjCA+Ol7XJYpAlW6/prSMzuPOTRnJGcGzuhLn4Scrz7qf6o8bROZ514ltazcIFJZevcfbo0x7A==",
      "requires": {
        "buffer-from": "^1.0.0",
        "inherits": "^2.0.3",
        "readable-stream": "^3.0.2",
        "typedarray": "^0.0.6"
      }
    },
    "core-util-is": {
      "version": "1.0.2",
      "resolved": "https://registry.npmjs.org/core-util-is/-/core-util-is-1.0.2.tgz",
      "integrity": "sha1-tf1UIgqivFq1eqtxQMlAdUUDwac="
    },
    "deferred-leveldown": {
      "version": "5.0.0",
      "resolved": "https://registry.npmjs.org/deferred-leveldown/-/deferred-leveldown-5.0.0.tgz",
      "integrity": "sha512-QtTcNm2PX7elim5bGl+i3px2kVbpI49BV+Q62CFh0AaMlrdlbMXyozBg31p2zJqAAT35FUw4eccC+drr3D0+vQ==",
      "requires": {
        "abstract-leveldown": "~6.0.0",
        "inherits": "^2.0.3"
      }
    },
    "errno": {
      "version": "0.1.7",
      "resolved": "https://registry.npmjs.org/errno/-/errno-0.1.7.tgz",
      "integrity": "sha512-MfrRBDWzIWifgq6tJj60gkAwtLNb6sQPlcFrSOflcP1aFmmruKQ2wRnze/8V6kgyz7H3FF8Npzv78mZ7XLLflg==",
      "requires": {
        "prr": "~1.0.1"
      },
      "dependencies": {
        "prr": {
          "version": "1.0.1",
          "resolved": "https://registry.npmjs.org/prr/-/prr-1.0.1.tgz",
          "integrity": "sha1-0/wRS6BplaRexok/SEzrHXj19HY="
        }
      }
    },
    "functional-red-black-tree": {
      "version": "1.0.1",
      "resolved": "https://registry.npmjs.org/functional-red-black-tree/-/functional-red-black-tree-1.0.1.tgz",
      "integrity": "sha1-GwqzvVU7Kg1jmdKcDj6gslIHgyc="
    },
    "fwd-stream": {
      "version": "1.0.4",
      "resolved": "https://registry.npmjs.org/fwd-stream/-/fwd-stream-1.0.4.tgz",
      "integrity": "sha1-7Sgcq+1G/uz5Ie4y3ExQs3KsfPo=",
      "requires": {
        "readable-stream": "~1.0.26-4"
      },
      "dependencies": {
        "readable-stream": {
          "version": "1.0.34",
          "resolved": "https://registry.npmjs.org/readable-stream/-/readable-stream-1.0.34.tgz",
          "integrity": "sha1-Elgg40vIQtLyqq+v5MKRbuMsFXw=",
          "requires": {
            "core-util-is": "~1.0.0",
            "inherits": "~2.0.1",
            "isarray": "0.0.1",
            "string_decoder": "~0.10.x"
          }
        },
        "string_decoder": {
          "version": "0.10.31",
          "resolved": "https://registry.npmjs.org/string_decoder/-/string_decoder-0.10.31.tgz",
          "integrity": "sha1-YuIDvEF2bGwoyfyEMB2rHFMQ+pQ="
        }
      }
    },
    "immediate": {
      "version": "3.2.3",
      "resolved": "https://registry.npmjs.org/immediate/-/immediate-3.2.3.tgz",
      "integrity": "sha1-0UD6j2FGWb1lQSMwl92qwlzdmRw="
    },
    "inherits": {
      "version": "2.0.3",
      "resolved": "https://registry.npmjs.org/inherits/-/inherits-2.0.3.tgz",
      "integrity": "sha1-Yzwsg+PaQqUC9SRmAiSA9CCCYd4="
    },
    "is-typedarray": {
      "version": "1.0.0",
      "resolved": "https://registry.npmjs.org/is-typedarray/-/is-typedarray-1.0.0.tgz",
      "integrity": "sha1-5HnICFjfDBsR3dppQPlgEfzaSpo="
    },
    "isarray": {
      "version": "0.0.1",
      "resolved": "https://registry.npmjs.org/isarray/-/isarray-0.0.1.tgz",
      "integrity": "sha1-ihis/Kmo9Bd+Cav8YDiTmwXR7t8="
    },
    "level-concat-iterator": {
      "version": "2.0.0",
      "resolved": "https://registry.npmjs.org/level-concat-iterator/-/level-concat-iterator-2.0.0.tgz",
      "integrity": "sha512-gMs7JtWp479SOBjJQteQ+WMctfiQXG1SX5EuIGWTTUP37mKqs6BcYcjfZVVzAdTq0lAcSYpL2xGwmCG/hbjOcg=="
    },
    "level-errors": {
      "version": "2.0.0",
      "resolved": "https://registry.npmjs.org/level-errors/-/level-errors-2.0.0.tgz",
      "integrity": "sha512-AmY4HCp9h3OiU19uG+3YWkdELgy05OTP/r23aNHaQKWv8DO787yZgsEuGVkoph40uwN+YdUKnANlrxSsoOaaxg==",
      "requires": {
        "errno": "~0.1.1"
      }
    },
    "level-iterator-stream": {
      "version": "4.0.0",
      "resolved": "https://registry.npmjs.org/level-iterator-stream/-/level-iterator-stream-4.0.0.tgz",
      "integrity": "sha512-CHMqFgIGXmqbdfvZcNADxRBXrl2W2EN8stxZnxEDQfEN+oNULcbX1OSK7VqJutp51Z0yJtA4Ym3JJMOuEslTrA==",
      "requires": {
        "inherits": "^2.0.1",
        "readable-stream": "^3.0.2",
        "xtend": "^4.0.0"
      },
      "dependencies": {
        "readable-stream": {
          "version": "3.1.1",
          "resolved": "https://registry.npmjs.org/readable-stream/-/readable-stream-3.1.1.tgz",
          "integrity": "sha512-DkN66hPyqDhnIQ6Jcsvx9bFjhw214O4poMBcIMgPVpQvNy9a0e0Uhg5SqySyDKAmUlwt8LonTBz1ezOnM8pUdA==",
          "requires": {
            "inherits": "^2.0.3",
            "string_decoder": "^1.1.1",
            "util-deprecate": "^1.0.1"
          }
        },
        "string_decoder": {
          "version": "1.2.0",
          "resolved": "https://registry.npmjs.org/string_decoder/-/string_decoder-1.2.0.tgz",
          "integrity": "sha512-6YqyX6ZWEYguAxgZzHGL7SsCeGx3V2TtOTqZz1xSTSWnqsbWwbptafNyvf/ACquZUXV3DANr5BDIwNYe1mN42w==",
          "requires": {
            "safe-buffer": "~5.1.0"
          }
        }
      }
    },
    "level-js": {
      "version": "4.0.0",
      "resolved": "https://registry.npmjs.org/level-js/-/level-js-4.0.0.tgz",
      "integrity": "sha512-V+3MDBLYPQ+Fe6FybF69X6CgLw8lE6feL+p0aRSWaEB3x/VsNpeJ1xsbT/LoV1zrcfSDBuQBuI/Hqwn0FxBahw==",
      "requires": {
        "abstract-leveldown": "~6.0.1",
        "immediate": "~3.2.3",
        "inherits": "^2.0.3",
        "ltgt": "^2.1.2",
        "typedarray-to-buffer": "~3.1.5"
      },
      "dependencies": {
        "abstract-leveldown": {
          "version": "6.0.1",
          "resolved": "https://registry.npmjs.org/abstract-leveldown/-/abstract-leveldown-6.0.1.tgz",
          "integrity": "sha512-8ccQIKHwmh7rIRWvKGgSTM2LByLWpLZgAYRjDNOh1ZTXvlR0gtm2Ir7aD8rEUre8DMllchJJTAZhhN5aUBN7XA==",
          "requires": {
            "level-concat-iterator": "~2.0.0",
            "xtend": "~4.0.0"
          }
        }
      }
    },
    "level-post": {
      "version": "1.0.7",
      "resolved": "https://registry.npmjs.org/level-post/-/level-post-1.0.7.tgz",
      "integrity": "sha512-PWYqG4Q00asOrLhX7BejSajByB4EmG2GaKHfj3h5UmmZ2duciXLPGYWIjBzLECFWUGOZWlm5B20h/n3Gs3HKew==",
      "requires": {
        "ltgt": "^2.1.2"
      }
    },
    "level-sublevel": {
      "version": "6.6.5",
      "resolved": "https://registry.npmjs.org/level-sublevel/-/level-sublevel-6.6.5.tgz",
      "integrity": "sha512-SBSR60x+dghhwGUxPKS+BvV1xNqnwsEUBKmnFepPaHJ6VkBXyPK9SImGc3K2BkwBfpxlt7GKkBNlCnrdufsejA==",
      "requires": {
        "bytewise": "~1.1.0",
        "levelup": "~0.19.0",
        "ltgt": "~2.1.1",
        "pull-defer": "^0.2.2",
        "pull-level": "^2.0.3",
        "pull-stream": "^3.6.8",
        "typewiselite": "~1.0.0",
        "xtend": "~4.0.0"
      },
      "dependencies": {
        "abstract-leveldown": {
          "version": "0.12.4",
          "resolved": "https://registry.npmjs.org/abstract-leveldown/-/abstract-leveldown-0.12.4.tgz",
          "integrity": "sha1-KeGOYy5g5OIh1YECR4UqY9ey5BA=",
          "requires": {
            "xtend": "~3.0.0"
          },
          "dependencies": {
            "xtend": {
              "version": "3.0.0",
              "resolved": "https://registry.npmjs.org/xtend/-/xtend-3.0.0.tgz",
              "integrity": "sha1-XM50B7r2Qsunvs2laBEcST9ZZlo="
            }
          }
        },
        "deferred-leveldown": {
          "version": "0.2.0",
          "resolved": "https://registry.npmjs.org/deferred-leveldown/-/deferred-leveldown-0.2.0.tgz",
          "integrity": "sha1-LO8fER4cV4cNi7uK8mUOWHzS9bQ=",
          "requires": {
            "abstract-leveldown": "~0.12.1"
          }
        },
        "levelup": {
          "version": "0.19.1",
          "resolved": "https://registry.npmjs.org/levelup/-/levelup-0.19.1.tgz",
          "integrity": "sha1-86anIFJyxLXzXkEv8ASgOgrt9Qs=",
          "requires": {
            "bl": "~0.8.1",
            "deferred-leveldown": "~0.2.0",
            "errno": "~0.1.1",
            "prr": "~0.0.0",
            "readable-stream": "~1.0.26",
            "semver": "~5.1.0",
            "xtend": "~3.0.0"
          },
          "dependencies": {
            "xtend": {
              "version": "3.0.0",
              "resolved": "https://registry.npmjs.org/xtend/-/xtend-3.0.0.tgz",
              "integrity": "sha1-XM50B7r2Qsunvs2laBEcST9ZZlo="
            }
          }
        },
        "ltgt": {
          "version": "2.1.3",
          "resolved": "https://registry.npmjs.org/ltgt/-/ltgt-2.1.3.tgz",
          "integrity": "sha1-EIUaBtmWS5cReEQcI8nlJpjuzjQ="
        },
        "readable-stream": {
          "version": "1.0.34",
          "resolved": "https://registry.npmjs.org/readable-stream/-/readable-stream-1.0.34.tgz",
          "integrity": "sha1-Elgg40vIQtLyqq+v5MKRbuMsFXw=",
          "requires": {
            "core-util-is": "~1.0.0",
            "inherits": "~2.0.1",
            "isarray": "0.0.1",
            "string_decoder": "~0.10.x"
          }
        },
        "string_decoder": {
          "version": "0.10.31",
          "resolved": "https://registry.npmjs.org/string_decoder/-/string_decoder-0.10.31.tgz",
          "integrity": "sha1-YuIDvEF2bGwoyfyEMB2rHFMQ+pQ="
        }
      }
    },
    "levelup": {
      "version": "4.0.0",
      "resolved": "https://registry.npmjs.org/levelup/-/levelup-4.0.0.tgz",
      "integrity": "sha512-RcWkjtMj1DGs8ftNs4U7MEZeHFnC9QcHn/fmBlOypHXCx02zwukZROzyUwRiu9dgw9y1tCDLFMmXQHEhCChi4w==",
      "requires": {
        "deferred-leveldown": "~5.0.0",
        "level-errors": "~2.0.0",
        "level-iterator-stream": "~4.0.0",
        "xtend": "~4.0.0"
      }
    },
    "looper": {
      "version": "2.0.0",
      "resolved": "https://registry.npmjs.org/looper/-/looper-2.0.0.tgz",
      "integrity": "sha1-Zs0Md0rz1P7axTeU90LbVtqPCew="
    },
    "ltgt": {
      "version": "2.2.1",
      "resolved": "https://registry.npmjs.org/ltgt/-/ltgt-2.2.1.tgz",
      "integrity": "sha1-81ypHEk/e3PaDgdJUwTxezH4fuU="
    },
    "memdown": {
      "version": "3.0.0",
      "resolved": "https://registry.npmjs.org/memdown/-/memdown-3.0.0.tgz",
      "integrity": "sha512-tbV02LfZMWLcHcq4tw++NuqMO+FZX8tNJEiD2aNRm48ZZusVg5N8NART+dmBkepJVye986oixErf7jfXboMGMA==",
      "requires": {
        "abstract-leveldown": "~5.0.0",
        "functional-red-black-tree": "~1.0.1",
        "immediate": "~3.2.3",
        "inherits": "~2.0.1",
        "ltgt": "~2.2.0",
        "safe-buffer": "~5.1.1"
      },
      "dependencies": {
        "abstract-leveldown": {
          "version": "5.0.0",
          "resolved": "https://registry.npmjs.org/abstract-leveldown/-/abstract-leveldown-5.0.0.tgz",
          "integrity": "sha512-5mU5P1gXtsMIXg65/rsYGsi93+MlogXZ9FA8JnwKurHQg64bfXwGYVdVdijNTVNOlAsuIiOwHdvFFD5JqCJQ7A==",
          "requires": {
            "xtend": "~4.0.0"
          }
        }
      }
    },
    "octal": {
      "version": "1.0.0",
      "resolved": "https://registry.npmjs.org/octal/-/octal-1.0.0.tgz",
      "integrity": "sha1-Y+cWKmjvvrniE1iNWOmJ0eXEUws="
    },
    "once": {
      "version": "1.4.0",
      "resolved": "https://registry.npmjs.org/once/-/once-1.4.0.tgz",
      "integrity": "sha1-WDsap3WWHUsROsF9nFC6753Xa9E=",
      "requires": {
        "wrappy": "1"
      }
    },
    "prr": {
      "version": "0.0.0",
      "resolved": "https://registry.npmjs.org/prr/-/prr-0.0.0.tgz",
      "integrity": "sha1-GoS4WQgyVQFBGFPQCB7j+obikmo="
    },
    "pull-cat": {
      "version": "1.1.11",
      "resolved": "https://registry.npmjs.org/pull-cat/-/pull-cat-1.1.11.tgz",
      "integrity": "sha1-tkLdElXaN2pwa220+pYvX9t0wxs="
    },
    "pull-defer": {
      "version": "0.2.3",
      "resolved": "https://registry.npmjs.org/pull-defer/-/pull-defer-0.2.3.tgz",
      "integrity": "sha512-/An3KE7mVjZCqNhZsr22k1Tx8MACnUnHZZNPSJ0S62td8JtYr/AiRG42Vz7Syu31SoTLUzVIe61jtT/pNdjVYA=="
    },
    "pull-level": {
      "version": "2.0.4",
      "resolved": "https://registry.npmjs.org/pull-level/-/pull-level-2.0.4.tgz",
      "integrity": "sha512-fW6pljDeUThpq5KXwKbRG3X7Ogk3vc75d5OQU/TvXXui65ykm+Bn+fiktg+MOx2jJ85cd+sheufPL+rw9QSVZg==",
      "requires": {
        "level-post": "^1.0.7",
        "pull-cat": "^1.1.9",
        "pull-live": "^1.0.1",
        "pull-pushable": "^2.0.0",
        "pull-stream": "^3.4.0",
        "pull-window": "^2.1.4",
        "stream-to-pull-stream": "^1.7.1"
      }
    },
    "pull-live": {
      "version": "1.0.1",
      "resolved": "https://registry.npmjs.org/pull-live/-/pull-live-1.0.1.tgz",
      "integrity": "sha1-pOzuAeMwFV6RJLu89HYfIbOPUfU=",
      "requires": {
        "pull-cat": "^1.1.9",
        "pull-stream": "^3.4.0"
      }
    },
    "pull-pushable": {
      "version": "2.2.0",
      "resolved": "https://registry.npmjs.org/pull-pushable/-/pull-pushable-2.2.0.tgz",
      "integrity": "sha1-Xy867UethpGfAbEqLpnW8b13ZYE="
    },
    "pull-stream": {
      "version": "3.6.9",
      "resolved": "https://registry.npmjs.org/pull-stream/-/pull-stream-3.6.9.tgz",
      "integrity": "sha512-hJn4POeBrkttshdNl0AoSCVjMVSuBwuHocMerUdoZ2+oIUzrWHFTwJMlbHND7OiKLVgvz6TFj8ZUVywUMXccbw=="
    },
    "pull-window": {
      "version": "2.1.4",
      "resolved": "https://registry.npmjs.org/pull-window/-/pull-window-2.1.4.tgz",
      "integrity": "sha1-/DuG/uvRkgx64pdpHiP3BfiFUvA=",
      "requires": {
        "looper": "^2.0.0"
      }
    },
    "readable-stream": {
      "version": "3.2.0",
      "resolved": "https://registry.npmjs.org/readable-stream/-/readable-stream-3.2.0.tgz",
      "integrity": "sha512-RV20kLjdmpZuTF1INEb9IA3L68Nmi+Ri7ppZqo78wj//Pn62fCoJyV9zalccNzDD/OuJpMG4f+pfMl8+L6QdGw==",
      "requires": {
        "inherits": "^2.0.3",
        "string_decoder": "^1.1.1",
        "util-deprecate": "^1.0.1"
      }
    },
    "safe-buffer": {
      "version": "5.1.2",
      "resolved": "https://registry.npmjs.org/safe-buffer/-/safe-buffer-5.1.2.tgz",
      "integrity": "sha512-Gd2UZBJDkXlY7GbJxfsE8/nvKkUEU1G38c1siN6QP6a9PT9MmHB8GnpscSmMJSoF8LOIrt8ud/wPtojys4G6+g=="
    },
    "semver": {
      "version": "5.1.1",
      "resolved": "https://registry.npmjs.org/semver/-/semver-5.1.1.tgz",
      "integrity": "sha1-oykqNz5vPgeY2gsgZBuanFvEfhk="
    },
    "stream-to-pull-stream": {
      "version": "1.7.2",
      "resolved": "https://registry.npmjs.org/stream-to-pull-stream/-/stream-to-pull-stream-1.7.2.tgz",
      "integrity": "sha1-dXYJrhzr0zx0MtSvvjH/eGULnd4=",
      "requires": {
        "looper": "^3.0.0",
        "pull-stream": "^3.2.3"
      },
      "dependencies": {
        "looper": {
          "version": "3.0.0",
          "resolved": "https://registry.npmjs.org/looper/-/looper-3.0.0.tgz",
          "integrity": "sha1-LvpUw7HLq6m5Su4uWRSwvlf7t0k="
        }
      }
    },
    "string_decoder": {
      "version": "1.2.0",
      "resolved": "https://registry.npmjs.org/string_decoder/-/string_decoder-1.2.0.tgz",
      "integrity": "sha512-6YqyX6ZWEYguAxgZzHGL7SsCeGx3V2TtOTqZz1xSTSWnqsbWwbptafNyvf/ACquZUXV3DANr5BDIwNYe1mN42w==",
      "requires": {
        "safe-buffer": "~5.1.0"
      }
    },
    "typedarray": {
      "version": "0.0.6",
      "resolved": "https://registry.npmjs.org/typedarray/-/typedarray-0.0.6.tgz",
      "integrity": "sha1-hnrHTjhkGHsdPUfZlqeOxciDB3c="
    },
    "typedarray-to-buffer": {
      "version": "3.1.5",
      "resolved": "https://registry.npmjs.org/typedarray-to-buffer/-/typedarray-to-buffer-3.1.5.tgz",
      "integrity": "sha512-zdu8XMNEDepKKR+XYOXAVPtWui0ly0NtohUscw+UmaHiAWT8hrV1rr//H6V+0DvJ3OQ19S979M0laLfX8rm82Q==",
      "requires": {
        "is-typedarray": "^1.0.0"
      }
    },
    "typewise": {
      "version": "1.0.3",
      "resolved": "https://registry.npmjs.org/typewise/-/typewise-1.0.3.tgz",
      "integrity": "sha1-EGeTZUCvl5N8xdz5kiSG6fooRlE=",
      "requires": {
        "typewise-core": "^1.2.0"
      }
    },
    "typewise-core": {
      "version": "1.2.0",
      "resolved": "https://registry.npmjs.org/typewise-core/-/typewise-core-1.2.0.tgz",
      "integrity": "sha1-l+uRgFx/VdL5QXSPpQ0xXZke8ZU="
    },
    "typewiselite": {
      "version": "1.0.0",
      "resolved": "https://registry.npmjs.org/typewiselite/-/typewiselite-1.0.0.tgz",
      "integrity": "sha1-yIgvobsQksBgBal/NO9chQjjZk4="
    },
    "util-deprecate": {
      "version": "1.0.2",
      "resolved": "https://registry.npmjs.org/util-deprecate/-/util-deprecate-1.0.2.tgz",
      "integrity": "sha1-RQ1Nyfpw3nMnYvvS1KKJgUGaDM8="
    },
    "wrappy": {
      "version": "1.0.2",
      "resolved": "https://registry.npmjs.org/wrappy/-/wrappy-1.0.2.tgz",
      "integrity": "sha1-tSQ9jz7BqjXxNkYFvA0QNuMKtp8="
    },
    "ws-level-blobs": {
      "version": "3.0.2",
      "resolved": "https://registry.npmjs.org/ws-level-blobs/-/ws-level-blobs-3.0.2.tgz",
      "integrity": "sha512-+ojGiLzt23WPgauFJORANQjdiXYWDv9f2BauIfggz/0nxvNnJOpjJPQBVjw1mYqGi3tzzz6G6E0exMVdn+zb6A==",
      "requires": {
        "once": "^1.3.0",
        "readable-stream": "^3.2.0",
        "ws-level-peek": "^3.2.0"
      }
    },
    "ws-level-filesystem": {
      "version": "3.0.1",
      "resolved": "https://registry.npmjs.org/ws-level-filesystem/-/ws-level-filesystem-3.0.1.tgz",
      "integrity": "sha512-vOkv8PQAdR3mwTPaM8bOIuLOZedY5b/V0Oixrn6vAxB6D0CJ2/LABwfx9Z2XrgHGzo7H4QC0/aAs+X25M1SPLQ==",
      "requires": {
        "concat-stream": "^2.0.0",
        "errno": "^0.1.1",
        "fwd-stream": "^1.0.4",
        "level-sublevel": "^6.6.5",
        "memdown": "^3.0.0",
        "octal": "^1.0.0",
        "once": "^1.3.0",
        "ws-level-blobs": "^3.0.2",
        "ws-level-peek": "^3.2.0",
        "xtend": "^4.0.1"
      }
    },
    "ws-level-peek": {
      "version": "3.2.0",
      "resolved": "https://registry.npmjs.org/ws-level-peek/-/ws-level-peek-3.2.0.tgz",
      "integrity": "sha512-mx7anw77YkAypQEUpdnJijkuDoSOYi3t/Dz6t3EmiWQ7X703fJQEgKyo19DqfwQQ93rcpCMLT5svXuLr8YpOkg==",
      "requires": {
        "pull-level": "^2.0.4",
        "pull-stream": "^3.6.9"
      }
    },
    "xtend": {
      "version": "4.0.1",
      "resolved": "https://registry.npmjs.org/xtend/-/xtend-4.0.1.tgz",
      "integrity": "sha1-pcbVMr5lbiPbgg77lDofBJmNY68="
    }
  }
}
